
Microsoft Visual Studio Solution File, Format Version 12.00
# Visual Studio Version 17
VisualStudioVersion = 17.11.35312.102
MinimumVisualStudioVersion = 10.0.40219.1
Project("{FAE04EC0-301F-11D3-BF4B-00C04F79EFBC}") = "CarApp", "CarApp\CarApp.csproj", "{67FFE73D-D412-474A-9A90-70AD0E280FDC}"
EndProject
Global
	GlobalSection(SolutionConfigurationPlatforms) = preSolution
		Debug|Any CPU = Debug|Any CPU
		Release|Any CPU = Release|Any CPU
	EndGlobalSection
	GlobalSection(ProjectConfigurationPlatforms) = postSolution
		{67FFE73D-D412-474A-9A90-70AD0E280FDC}.Debug|Any CPU.ActiveCfg = Debug|Any CPU
		{67FFE73D-D412-474A-9A90-70AD0E280FDC}.Debug|Any CPU.Build.0 = Debug|Any CPU
		{67FFE73D-D412-474A-9A90-70AD0E280FDC}.Release|Any CPU.ActiveCfg = Release|Any CPU
		{67FFE73D-D412-474A-9A90-70AD0E280FDC}.Release|Any CPU.Build.0 = Release|Any CPU
	EndGlobalSection
	GlobalSection(SolutionProperties) = preSolution
		HideSolutionNode = FALSE
	EndGlobalSection
	GlobalSection(ExtensibilityGlobals) = postSolution
		SolutionGuid = {AE0F2494-0DC8-4548-A596-6DC8DF4E0516}
	EndGlobalSection
EndGlobal
